
Microsoft Visual Studio Solution File, Format Version 12.00
# Visual Studio Version 16
VisualStudioVersion = 16.0.30804.86
MinimumVisualStudioVersion = 10.0.40219.1
Project("{FAE04EC0-301F-11D3-BF4B-00C04F79EFBC}") = "Entities", "Entities\Entities.csproj", "{478DDE4F-59C2-4E68-A661-05C335DCC1DA}"
EndProject
Project("{FAE04EC0-301F-11D3-BF4B-00C04F79EFBC}") = "DataAccess", "DataAccess\DataAccess.csproj", "{6774552D-7BDD-4199-B55D-F4B8995207F2}"
EndProject
Project("{FAE04EC0-301F-11D3-BF4B-00C04F79EFBC}") = "Business", "Business\Business.csproj", "{0DC190B6-F160-4B75-879D-CDA5ACE57478}"
EndProject
Project("{FAE04EC0-301F-11D3-BF4B-00C04F79EFBC}") = "ConsoleUI", "Console\ConsoleUI.csproj", "{2B8ABFB0-64AC-4FCA-AB0D-CD5BF00D3B89}"
EndProject
Global
	GlobalSection(SolutionConfigurationPlatforms) = preSolution
		Debug|Any CPU = Debug|Any CPU
		Release|Any CPU = Release|Any CPU
	EndGlobalSection
	GlobalSection(ProjectConfigurationPlatforms) = postSolution
		{478DDE4F-59C2-4E68-A661-05C335DCC1DA}.Debug|Any CPU.ActiveCfg = Debug|Any CPU
		{478DDE4F-59C2-4E68-A661-05C335DCC1DA}.Debug|Any CPU.Build.0 = Debug|Any CPU
		{478DDE4F-59C2-4E68-A661-05C335DCC1DA}.Release|Any CPU.ActiveCfg = Release|Any CPU
		{478DDE4F-59C2-4E68-A661-05C335DCC1DA}.Release|Any CPU.Build.0 = Release|Any CPU
		{6774552D-7BDD-4199-B55D-F4B8995207F2}.Debug|Any CPU.ActiveCfg = Debug|Any CPU
		{6774552D-7BDD-4199-B55D-F4B8995207F2}.Debug|Any CPU.Build.0 = Debug|Any CPU
		{6774552D-7BDD-4199-B55D-F4B8995207F2}.Release|Any CPU.ActiveCfg = Release|Any CPU
		{6774552D-7BDD-4199-B55D-F4B8995207F2}.Release|Any CPU.Build.0 = Release|Any CPU
		{0DC190B6-F160-4B75-879D-CDA5ACE57478}.Debug|Any CPU.ActiveCfg = Debug|Any CPU
		{0DC190B6-F160-4B75-879D-CDA5ACE57478}.Debug|Any CPU.Build.0 = Debug|Any CPU
		{0DC190B6-F160-4B75-879D-CDA5ACE57478}.Release|Any CPU.ActiveCfg = Release|Any CPU
		{0DC190B6-F160-4B75-879D-CDA5ACE57478}.Release|Any CPU.Build.0 = Release|Any CPU
		{2B8ABFB0-64AC-4FCA-AB0D-CD5BF00D3B89}.Debug|Any CPU.ActiveCfg = Debug|Any CPU
		{2B8ABFB0-64AC-4FCA-AB0D-CD5BF00D3B89}.Debug|Any CPU.Build.0 = Debug|Any CPU
		{2B8ABFB0-64AC-4FCA-AB0D-CD5BF00D3B89}.Release|Any CPU.ActiveCfg = Release|Any CPU
		{2B8ABFB0-64AC-4FCA-AB0D-CD5BF00D3B89}.Release|Any CPU.Build.0 = Release|Any CPU
	EndGlobalSection
	GlobalSection(SolutionProperties) = preSolution
		HideSolutionNode = FALSE
	EndGlobalSection
	GlobalSection(ExtensibilityGlobals) = postSolution
		SolutionGuid = {F9971578-8E24-4DB8-9212-E4A36D4EC802}
	EndGlobalSection
EndGlobal
